{
  "pins" : [
    {
      "identity" : "gamemath",
      "kind" : "remoteSourceControl",
      "location" : "https://github.com/STREGAsGate/GameMath.git",
      "state" : {
        "branch" : "master",
        "revision" : "037cd3e96c25c9a96fef1e4d99905080ff67ab04"
      }
    },
    {
      "identity" : "gateengine",
      "kind" : "remoteSourceControl",
      "location" : "https://github.com/STREGAsGate/GateEngine.git",
      "state" : {
        "branch" : "cc84db0",
        "revision" : "cc84db0866259235261aefb22912ddb82db5a696"
      }
    },
    {
      "identity" : "javascriptkit",
      "kind" : "remoteSourceControl",
      "location" : "https://github.com/swiftwasm/JavaScriptKit.git",
      "state" : {
        "revision" : "096584bb6959f16d97daf3ebf52039f98c36fdbf",
        "version" : "0.18.0"
      }
    },
    {
      "identity" : "swift-atomics",
      "kind" : "remoteSourceControl",
      "location" : "https://github.com/apple/swift-atomics.git",
      "state" : {
        "revision" : "6c89474e62719ddcc1e9614989fff2f68208fe10",
        "version" : "1.1.0"
      }
    },
    {
      "identity" : "swift-collections",
      "kind" : "remoteSourceControl",
      "location" : "https://github.com/apple/swift-collections.git",
      "state" : {
        "revision" : "937e904258d22af6e447a0b72c0bc67583ef64a2",
        "version" : "1.0.4"
      }
    },
    {
      "identity" : "webapikit",
      "kind" : "remoteSourceControl",
      "location" : "https://github.com/swiftwasm/WebAPIKit.git",
      "state" : {
        "branch" : "main",
        "revision" : "8dd037b13a2875ba31e2d678eff052a003548bb7"
      }
    }
  ],
  "version" : 2
}
